{
    "_readme": [
        "This file locks the dependencies of your project to a known state",
        "Read more about it at http://getcomposer.org/doc/01-basic-usage.md#composer-lock-the-lock-file"
    ],
    "hash": "f136ffa09b417529b45e997fbede2a39",
    "packages": [
        {
            "name": "composer/installers",
            "version": "v1.0.3",
            "source": {
                "type": "git",
                "url": "https://github.com/composer/installers.git",
                "reference": "v1.0.3"
            },
            "dist": {
                "type": "zip",
                "url": "https://api.github.com/repos/composer/installers/zipball/v1.0.3",
                "reference": "v1.0.3",
                "shasum": ""
            },
            "replace": {
                "shama/baton": "*"
            },
            "require-dev": {
                "composer/composer": "1.0.*@dev",
                "phpunit/phpunit": "3.7.*"
            },
            "type": "composer-installer",
            "extra": {
                "class": "Composer\\Installers\\Installer",
                "branch-alias": {
                    "dev-master": "1.0-dev"
                }
            },
            "autoload": {
                "psr-0": {
                    "Composer\\Installers\\": "src/"
                }
            },
            "notification-url": "https://packagist.org/downloads/",
            "license": [
                "MIT"
            ],
            "authors": [
                {
                    "name": "Kyle Robinson Young",
                    "email": "kyle@dontkry.com",
                    "homepage": "https://github.com/shama",
                    "role": "Developer"
                }
            ],
            "description": "A multi-framework Composer library installer",
            "homepage": "http://composer.github.com/installers/",
            "keywords": [
                "TYPO3 Flow",
                "TYPO3 Neos",
                "agl",
                "cakephp",
                "codeigniter",
                "drupal",
                "fuelphp",
                "installer",
                "joomla",
                "kohana",
                "laravel",
                "li3",
                "lithium",
                "mako",
                "phpbb",
                "ppi",
                "silverstripe",
                "symfony",
                "wordpress",
                "yii",
                "zend"
            ],
            "time": "2013-03-02 22:45:58"
        },
        {
            "name": "mjohnson/decoda",
            "version": "6.0.5",
            "source": {
                "type": "git",
                "url": "https://github.com/milesj/Decoda.git",
                "reference": "6.0.5"
            },
            "dist": {
                "type": "zip",
                "url": "https://api.github.com/repos/milesj/Decoda/zipball/6.0.5",
                "reference": "6.0.5",
                "shasum": ""
            },
            "require": {
                "ext-mbstring": "*",
                "php": ">=5.3.0"
            },
            "type": "library",
            "autoload": {
                "psr-0": {
                    "Decoda": "src/"
                }
            },
            "notification-url": "https://packagist.org/downloads/",
            "license": [
                "MIT"
            ],
            "authors": [
                {
                    "name": "Miles Johnson",
                    "homepage": "http://milesj.me"
                }
            ],
            "description": "A lightweight lexical string parser for BBCode styled markup.",
            "homepage": "http://milesj.me/code/php/decoda",
            "keywords": [
                "HOOK",
                "bbcode",
                "decoda",
                "filter",
                "markup",
                "parser"
            ],
            "time": "2013-05-23 22:31:03"
        },
        {
            "name": "mjohnson/transit",
            "version": "1.2.1",
            "source": {
                "type": "git",
                "url": "https://github.com/milesj/Transit.git",
                "reference": "1.2.1"
            },
            "dist": {
                "type": "zip",
                "url": "https://api.github.com/repos/milesj/Transit/zipball/1.2.1",
                "reference": "1.2.1",
                "shasum": ""
            },
            "require": {
                "ext-curl": "*",
                "ext-fileinfo": "*",
                "ext-mbstring": "*",
                "php": ">=5.3.3"
            },
            "require-dev": {
                "aws/aws-sdk-php": ">=2.2,<3.0"
            },
            "suggest": {
                "aws/aws-sdk-php": "~2.2"
            },
            "type": "library",
            "autoload": {
                "psr-0": {
                    "Transit": "src/"
                }
            },
            "notification-url": "https://packagist.org/downloads/",
            "license": [
                "MIT"
            ],
            "authors": [
                {
                    "name": "Miles Johnson",
                    "homepage": "http://milesj.me"
                }
            ],
            "description": "A file uploader, validator, importer and transformer library.",
            "homepage": "http://milesj.me/code/php/transit",
            "keywords": [
                "application",
                "archive",
                "audio",
                "file",
                "glacier",
                "image",
                "importer",
                "s3",
                "text",
                "transformer",
                "transit",
                "transporter",
                "uploader",
                "validator",
                "video"
            ],
            "time": "2013-05-29 19:57:29"
        },
        {
            "name": "mjohnson/uploader",
            "version": "4.1.1",
            "source": {
                "type": "git",
                "url": "https://github.com/milesj/Uploader.git",
                "reference": "4.1.1"
            },
            "dist": {
                "type": "zip",
                "url": "https://api.github.com/repos/milesj/Uploader/zipball/4.1.1",
                "reference": "4.1.1",
                "shasum": ""
            },
            "require": {
                "composer/installers": "*",
                "ext-curl": "*",
                "ext-fileinfo": "*",
                "ext-mbstring": "*",
                "mjohnson/transit": ">=1.2,<2.0",
                "php": ">=5.3.3"
            },
            "suggest": {
                "aws/aws-sdk-php": "~2.2"
            },
            "type": "cakephp-plugin",
            "notification-url": "https://packagist.org/downloads/",
            "license": [
                "MIT"
            ],
            "authors": [
                {
                    "name": "Miles Johnson",
                    "homepage": "http://milesj.me"
                }
            ],
            "description": "File uploader and validation plugin for CakePHP.",
            "homepage": "http://milesj.me/code/cakephp/uploader",
            "keywords": [
                "attachment",
                "cakephp",
                "file",
                "plugin",
                "uploader",
                "validation"
            ],
            "time": "2013-05-29 20:11:52"
        }
    ],
    "packages-dev": [

    ],
    "aliases": [

    ],
    "minimum-stability": "stable",
    "stability-flags": [

    ],
    "platform": [

    ],
    "platform-dev": [

    ]
}
